// !$*UTF8*$!
{
	archiveVersion = 1;
	classes = {
	};
	objectVersion = 46;
	objects = {

/* Begin PBXBuildFile section */
		C140DBF91D25E81A006CA499 /* cellHome.m in Sources */ = {isa = PBXBuildFile; fileRef = C140DBF71D25E81A006CA499 /* cellHome.m */; };
		C140DBFA1D25E81A006CA499 /* cellHome.xib in Resources */ = {isa = PBXBuildFile; fileRef = C140DBF81D25E81A006CA499 /* cellHome.xib */; };
		C140DC031D25F213006CA499 /* destination01.png in Resources */ = {isa = PBXBuildFile; fileRef = C140DBFD1D25F213006CA499 /* destination01.png */; };
		C140DC041D25F213006CA499 /* destination02.png in Resources */ = {isa = PBXBuildFile; fileRef = C140DBFE1D25F213006CA499 /* destination02.png */; };
		C140DC051D25F213006CA499 /* destination03.png in Resources */ = {isa = PBXBuildFile; fileRef = C140DBFF1D25F213006CA499 /* destination03.png */; };
		C140DC061D25F213006CA499 /* destination04.png in Resources */ = {isa = PBXBuildFile; fileRef = C140DC001D25F213006CA499 /* destination04.png */; };
		C140DC071D25F213006CA499 /* destination05.png in Resources */ = {isa = PBXBuildFile; fileRef = C140DC011D25F213006CA499 /* destination05.png */; };
		C17317D81D24CFE700B0BEA1 /* main.m in Sources */ = {isa = PBXBuildFile; fileRef = C17317D71D24CFE700B0BEA1 /* main.m */; };
		C17317DB1D24CFE700B0BEA1 /* AppDelegate.m in Sources */ = {isa = PBXBuildFile; fileRef = C17317DA1D24CFE700B0BEA1 /* AppDelegate.m */; };
		C17317DE1D24CFE700B0BEA1 /* Home.m in Sources */ = {isa = PBXBuildFile; fileRef = C17317DD1D24CFE700B0BEA1 /* Home.m */; };
		C17317E11D24CFE700B0BEA1 /* Main.storyboard in Resources */ = {isa = PBXBuildFile; fileRef = C17317DF1D24CFE700B0BEA1 /* Main.storyboard */; };
		C17317E41D24CFE700B0BEA1 /* Lab05.xcdatamodeld in Sources */ = {isa = PBXBuildFile; fileRef = C17317E21D24CFE700B0BEA1 /* Lab05.xcdatamodeld */; };
		C17317E61D24CFE700B0BEA1 /* Assets.xcassets in Resources */ = {isa = PBXBuildFile; fileRef = C17317E51D24CFE700B0BEA1 /* Assets.xcassets */; };
		C17317E91D24CFE700B0BEA1 /* LaunchScreen.storyboard in Resources */ = {isa = PBXBuildFile; fileRef = C17317E71D24CFE700B0BEA1 /* LaunchScreen.storyboard */; };
/* End PBXBuildFile section */

/* Begin PBXFileReference section */
		C140DBF61D25E81A006CA499 /* cellHome.h */ = {isa = PBXFileReference; fileEncoding = 4; lastKnownFileType = sourcecode.c.h; path = cellHome.h; sourceTree = "<group>"; };
		C140DBF71D25E81A006CA499 /* cellHome.m */ = {isa = PBXFileReference; fileEncoding = 4; lastKnownFileType = sourcecode.c.objc; path = cellHome.m; sourceTree = "<group>"; };
		C140DBF81D25E81A006CA499 /* cellHome.xib */ = {isa = PBXFileReference; fileEncoding = 4; lastKnownFileType = file.xib; path = cellHome.xib; sourceTree = "<group>"; };
		C140DBFD1D25F213006CA499 /* destination01.png */ = {isa = PBXFileReference; lastKnownFileType = image.png; path = destination01.png; sourceTree = "<group>"; };
		C140DBFE1D25F213006CA499 /* destination02.png */ = {isa = PBXFileReference; lastKnownFileType = image.png; path = destination02.png; sourceTree = "<group>"; };
		C140DBFF1D25F213006CA499 /* destination03.png */ = {isa = PBXFileReference; lastKnownFileType = image.png; path = destination03.png; sourceTree = "<group>"; };
		C140DC001D25F213006CA499 /* destination04.png */ = {isa = PBXFileReference; lastKnownFileType = image.png; path = destination04.png; sourceTree = "<group>"; };
		C140DC011D25F213006CA499 /* destination05.png */ = {isa = PBXFileReference; lastKnownFileType = image.png; path = destination05.png; sourceTree = "<group>"; };
		C17317D31D24CFE700B0BEA1 /* Lab05.app */ = {isa = PBXFileReference; explicitFileType = wrapper.application; includeInIndex = 0; path = Lab05.app; sourceTree = BUILT_PRODUCTS_DIR; };
		C17317D71D24CFE700B0BEA1 /* main.m */ = {isa = PBXFileReference; lastKnownFileType = sourcecode.c.objc; path = main.m; sourceTree = "<group>"; };
		C17317D91D24CFE700B0BEA1 /* AppDelegate.h */ = {isa = PBXFileReference; lastKnownFileType = sourcecode.c.h; path = AppDelegate.h; sourceTree = "<group>"; };
		C17317DA1D24CFE700B0BEA1 /* AppDelegate.m */ = {isa = PBXFileReference; lastKnownFileType = sourcecode.c.objc; path = AppDelegate.m; sourceTree = "<group>"; };
		C17317DC1D24CFE700B0BEA1 /* Home.h */ = {isa = PBXFileReference; lastKnownFileType = sourcecode.c.h; path = Home.h; sourceTree = "<group>"; };
		C17317DD1D24CFE700B0BEA1 /* Home.m */ = {isa = PBXFileReference; lastKnownFileType = sourcecode.c.objc; path = Home.m; sourceTree = "<group>"; };
		C17317E01D24CFE700B0BEA1 /* Base */ = {isa = PBXFileReference; lastKnownFileType = file.storyboard; name = Base; path = Base.lproj/Main.storyboard; sourceTree = "<group>"; };
		C17317E31D24CFE700B0BEA1 /* Lab05.xcdatamodel */ = {isa = PBXFileReference; lastKnownFileType = wrapper.xcdatamodel; path = Lab05.xcdatamodel; sourceTree = "<group>"; };
		C17317E51D24CFE700B0BEA1 /* Assets.xcassets */ = {isa = PBXFileReference; lastKnownFileType = folder.assetcatalog; path = Assets.xcassets; sourceTree = "<group>"; };
		C17317E81D24CFE700B0BEA1 /* Base */ = {isa = PBXFileReference; lastKnownFileType = file.storyboard; name = Base; path = Base.lproj/LaunchScreen.storyboard; sourceTree = "<group>"; };
		C17317EA1D24CFE700B0BEA1 /* Info.plist */ = {isa = PBXFileReference; lastKnownFileType = text.plist.xml; path = Info.plist; sourceTree = "<group>"; };
/* End PBXFileReference section */

/* Begin PBXFrameworksBuildPhase section */
		C17317D01D24CFE700B0BEA1 /* Frameworks */ = {
			isa = PBXFrameworksBuildPhase;
			buildActionMask = 2147483647;
			files = (
			);
			runOnlyForDeploymentPostprocessing = 0;
		};
/* End PBXFrameworksBuildPhase section */

/* Begin PBXGroup section */
		C140DBF51D25E7DB006CA499 /* Cells */ = {
			isa = PBXGroup;
			children = (
				C140DBF61D25E81A006CA499 /* cellHome.h */,
				C140DBF71D25E81A006CA499 /* cellHome.m */,
				C140DBF81D25E81A006CA499 /* cellHome.xib */,
			);
			name = Cells;
			sourceTree = "<group>";
		};
		C140DBFB1D25F213006CA499 /* imgs */ = {
			isa = PBXGroup;
			children = (
				C140DBFD1D25F213006CA499 /* destination01.png */,
				C140DBFE1D25F213006CA499 /* destination02.png */,
				C140DBFF1D25F213006CA499 /* destination03.png */,
				C140DC001D25F213006CA499 /* destination04.png */,
				C140DC011D25F213006CA499 /* destination05.png */,
			);
			path = imgs;
			sourceTree = "<group>";
		};
		C17317CA1D24CFE700B0BEA1 = {
			isa = PBXGroup;
			children = (
				C17317D51D24CFE700B0BEA1 /* Lab05 */,
				C17317D41D24CFE700B0BEA1 /* Products */,
			);
			sourceTree = "<group>";
		};
		C17317D41D24CFE700B0BEA1 /* Products */ = {
			isa = PBXGroup;
			children = (
				C17317D31D24CFE700B0BEA1 /* Lab05.app */,
			);
			name = Products;
			sourceTree = "<group>";
		};
		C17317D51D24CFE700B0BEA1 /* Lab05 */ = {
			isa = PBXGroup;
			children = (
				C17317F11D24D15800B0BEA1 /* Main */,
				C17317F01D24D14D00B0BEA1 /* Controllers */,
				C140DBFB1D25F213006CA499 /* imgs */,
				C140DBF51D25E7DB006CA499 /* Cells */,
				C17317DF1D24CFE700B0BEA1 /* Main.storyboard */,
				C17317E51D24CFE700B0BEA1 /* Assets.xcassets */,
				C17317E71D24CFE700B0BEA1 /* LaunchScreen.storyboard */,
				C17317EA1D24CFE700B0BEA1 /* Info.plist */,
				C17317E21D24CFE700B0BEA1 /* Lab05.xcdatamodeld */,
				C17317D61D24CFE700B0BEA1 /* Supporting Files */,
			);
			path = Lab05;
			sourceTree = "<group>";
		};
		C17317D61D24CFE700B0BEA1 /* Supporting Files */ = {
			isa = PBXGroup;
			children = (
				C17317D71D24CFE700B0BEA1 /* main.m */,
			);
			name = "Supporting Files";
			sourceTree = "<group>";
		};
		C17317F01D24D14D00B0BEA1 /* Controllers */ = {
			isa = PBXGroup;
			children = (
				C17317DC1D24CFE700B0BEA1 /* Home.h */,
				C17317DD1D24CFE700B0BEA1 /* Home.m */,
			);
			name = Controllers;
			sourceTree = "<group>";
		};
		C17317F11D24D15800B0BEA1 /* Main */ = {
			isa = PBXGroup;
			children = (
				C17317D91D24CFE700B0BEA1 /* AppDelegate.h */,
				C17317DA1D24CFE700B0BEA1 /* AppDelegate.m */,
			);
			name = Main;
			sourceTree = "<group>";
		};
/* End PBXGroup section */

/* Begin PBXNativeTarget section */
		C17317D21D24CFE700B0BEA1 /* Lab05 */ = {
			isa = PBXNativeTarget;
			buildConfigurationList = C17317ED1D24CFE700B0BEA1 /* Build configuration list for PBXNativeTarget "Lab05" */;
			buildPhases = (
				C17317CF1D24CFE700B0BEA1 /* Sources */,
				C17317D01D24CFE700B0BEA1 /* Frameworks */,
				C17317D11D24CFE700B0BEA1 /* Resources */,
			);
			buildRules = (
			);
			dependencies = (
			);
			name = Lab05;
			productName = Lab05;
			productReference = C17317D31D24CFE700B0BEA1 /* Lab05.app */;
			productType = "com.apple.product-type.application";
		};
/* End PBXNativeTarget section */

/* Begin PBXProject section */
		C17317CB1D24CFE700B0BEA1 /* Project object */ = {
			isa = PBXProject;
			attributes = {
				LastUpgradeCheck = 0730;
				ORGANIZATIONNAME = Fer;
				TargetAttributes = {
					C17317D21D24CFE700B0BEA1 = {
						CreatedOnToolsVersion = 7.3.1;
					};
				};
			};
			buildConfigurationList = C17317CE1D24CFE700B0BEA1 /* Build configuration list for PBXProject "Lab05" */;
			compatibilityVersion = "Xcode 3.2";
			developmentRegion = English;
			hasScannedForEncodings = 0;
			knownRegions = (
				en,
				Base,
			);
			mainGroup = C17317CA1D24CFE700B0BEA1;
			productRefGroup = C17317D41D24CFE700B0BEA1 /* Products */;
			projectDirPath = "";
			projectRoot = "";
			targets = (
				C17317D21D24CFE700B0BEA1 /* Lab05 */,
			);
		};
/* End PBXProject section */

/* Begin PBXResourcesBuildPhase section */
		C17317D11D24CFE700B0BEA1 /* Resources */ = {
			isa = PBXResourcesBuildPhase;
			buildActionMask = 2147483647;
			files = (
				C140DC051D25F213006CA499 /* destination03.png in Resources */,
				C17317E91D24CFE700B0BEA1 /* LaunchScreen.storyboard in Resources */,
				C17317E61D24CFE700B0BEA1 /* Assets.xcassets in Resources */,
				C140DC041D25F213006CA499 /* destination02.png in Resources */,
				C140DC031D25F213006CA499 /* destination01.png in Resources */,
				C140DC061D25F213006CA499 /* destination04.png in Resources */,
				C140DC071D25F213006CA499 /* destination05.png in Resources */,
				C140DBFA1D25E81A006CA499 /* cellHome.xib in Resources */,
				C17317E11D24CFE700B0BEA1 /* Main.storyboard in Resources */,
			);
			runOnlyForDeploymentPostprocessing = 0;
		};
/* End PBXResourcesBuildPhase section */

/* Begin PBXSourcesBuildPhase section */
		C17317CF1D24CFE700B0BEA1 /* Sources */ = {
			isa = PBXSourcesBuildPhase;
			buildActionMask = 2147483647;
			files = (
				C17317DE1D24CFE700B0BEA1 /* Home.m in Sources */,
				C17317DB1D24CFE700B0BEA1 /* AppDelegate.m in Sources */,
				C140DBF91D25E81A006CA499 /* cellHome.m in Sources */,
				C17317E41D24CFE700B0BEA1 /* Lab05.xcdatamodeld in Sources */,
				C17317D81D24CFE700B0BEA1 /* main.m in Sources */,
			);
			runOnlyForDeploymentPostprocessing = 0;
		};
/* End PBXSourcesBuildPhase section */

/* Begin PBXVariantGroup section */
		C17317DF1D24CFE700B0BEA1 /* Main.storyboard */ = {
			isa = PBXVariantGroup;
			children = (
				C17317E01D24CFE700B0BEA1 /* Base */,
			);
			name = Main.storyboard;
			sourceTree = "<group>";
		};
		C17317E71D24CFE700B0BEA1 /* LaunchScreen.storyboard */ = {
			isa = PBXVariantGroup;
			children = (
				C17317E81D24CFE700B0BEA1 /* Base */,
			);
			name = LaunchScreen.storyboard;
			sourceTree = "<group>";
		};
/* End PBXVariantGroup section */

/* Begin XCBuildConfiguration section */
		C17317EB1D24CFE700B0BEA1 /* Debug */ = {
			isa = XCBuildConfiguration;
			buildSettings = {
				ALWAYS_SEARCH_USER_PATHS = NO;
				CLANG_ANALYZER_NONNULL = YES;
				CLANG_CXX_LANGUAGE_STANDARD = "gnu++0x";
				CLANG_CXX_LIBRARY = "libc++";
				CLANG_ENABLE_MODULES = YES;
				CLANG_ENABLE_OBJC_ARC = YES;
				CLANG_WARN_BOOL_CONVERSION = YES;
				CLANG_WARN_CONSTANT_CONVERSION = YES;
				CLANG_WARN_DIRECT_OBJC_ISA_USAGE = YES_ERROR;
				CLANG_WARN_EMPTY_BODY = YES;
				CLANG_WARN_ENUM_CONVERSION = YES;
				CLANG_WARN_INT_CONVERSION = YES;
				CLANG_WARN_OBJC_ROOT_CLASS = YES_ERROR;
				CLANG_WARN_UNREACHABLE_CODE = YES;
				CLANG_WARN__DUPLICATE_METHOD_MATCH = YES;
				"CODE_SIGN_IDENTITY[sdk=iphoneos*]" = "iPhone Developer";
				COPY_PHASE_STRIP = NO;
				DEBUG_INFORMATION_FORMAT = dwarf;
				ENABLE_STRICT_OBJC_MSGSEND = YES;
				ENABLE_TESTABILITY = YES;
				GCC_C_LANGUAGE_STANDARD = gnu99;
				GCC_DYNAMIC_NO_PIC = NO;
				GCC_NO_COMMON_BLOCKS = YES;
				GCC_OPTIMIZATION_LEVEL = 0;
				GCC_PREPROCESSOR_DEFINITIONS = (
					"DEBUG=1",
					"$(inherited)",
				);
				GCC_WARN_64_TO_32_BIT_CONVERSION = YES;
				GCC_WARN_ABOUT_RETURN_TYPE = YES_ERROR;
				GCC_WARN_UNDECLARED_SELECTOR = YES;
				GCC_WARN_UNINITIALIZED_AUTOS = YES_AGGRESSIVE;
				GCC_WARN_UNUSED_FUNCTION = YES;
				GCC_WARN_UNUSED_VARIABLE = YES;
				IPHONEOS_DEPLOYMENT_TARGET = 9.3;
				MTL_ENABLE_DEBUG_INFO = YES;
				ONLY_ACTIVE_ARCH = YES;
				SDKROOT = iphoneos;
			};
			name = Debug;
		};
		C17317EC1D24CFE700B0BEA1 /* Release */ = {
			isa = XCBuildConfiguration;
			buildSettings = {
				ALWAYS_SEARCH_USER_PATHS = NO;
				CLANG_ANALYZER_NONNULL = YES;
				CLANG_CXX_LANGUAGE_STANDARD = "gnu++0x";
				CLANG_CXX_LIBRARY = "libc++";
				CLANG_ENABLE_MODULES = YES;
				CLANG_ENABLE_OBJC_ARC = YES;
				CLANG_WARN_BOOL_CONVERSION = YES;
				CLANG_WARN_CONSTANT_CONVERSION = YES;
				CLANG_WARN_DIRECT_OBJC_ISA_USAGE = YES_ERROR;
				CLANG_WARN_EMPTY_BODY = YES;
				CLANG_WARN_ENUM_CONVERSION = YES;
				CLANG_WARN_INT_CONVERSION = YES;
				CLANG_WARN_OBJC_ROOT_CLASS = YES_ERROR;
				CLANG_WARN_UNREACHABLE_CODE = YES;
				CLANG_WARN__DUPLICATE_METHOD_MATCH = YES;
				"CODE_SIGN_IDENTITY[sdk=iphoneos*]" = "iPhone Developer";
				COPY_PHASE_STRIP = NO;
				DEBUG_INFORMATION_FORMAT = "dwarf-with-dsym";
				ENABLE_NS_ASSERTIONS = NO;
				ENABLE_STRICT_OBJC_MSGSEND = YES;
				GCC_C_LANGUAGE_STANDARD = gnu99;
				GCC_NO_COMMON_BLOCKS = YES;
				GCC_WARN_64_TO_32_BIT_CONVERSION = YES;
				GCC_WARN_ABOUT_RETURN_TYPE = YES_ERROR;
				GCC_WARN_UNDECLARED_SELECTOR = YES;
				GCC_WARN_UNINITIALIZED_AUTOS = YES_AGGRESSIVE;
				GCC_WARN_UNUSED_FUNCTION = YES;
				GCC_WARN_UNUSED_VARIABLE = YES;
				IPHONEOS_DEPLOYMENT_TARGET = 9.3;
				MTL_ENABLE_DEBUG_INFO = NO;
				SDKROOT = iphoneos;
				VALIDATE_PRODUCT = YES;
			};
			name = Release;
		};
		C17317EE1D24CFE700B0BEA1 /* Debug */ = {
			isa = XCBuildConfiguration;
			buildSettings = {
				ASSETCATALOG_COMPILER_APPICON_NAME = AppIcon;
				INFOPLIST_FILE = Lab05/Info.plist;
				LD_RUNPATH_SEARCH_PATHS = "$(inherited) @executable_path/Frameworks";
				PRODUCT_BUNDLE_IDENTIFIER = com.uag.Lab05;
				PRODUCT_NAME = "$(TARGET_NAME)";
			};
			name = Debug;
		};
		C17317EF1D24CFE700B0BEA1 /* Release */ = {
			isa = XCBuildConfiguration;
			buildSettings = {
				ASSETCATALOG_COMPILER_APPICON_NAME = AppIcon;
				INFOPLIST_FILE = Lab05/Info.plist;
				LD_RUNPATH_SEARCH_PATHS = "$(inherited) @executable_path/Frameworks";
				PRODUCT_BUNDLE_IDENTIFIER = com.uag.Lab05;
				PRODUCT_NAME = "$(TARGET_NAME)";
			};
			name = Release;
		};
/* End XCBuildConfiguration section */

/* Begin XCConfigurationList section */
		C17317CE1D24CFE700B0BEA1 /* Build configuration list for PBXProject "Lab05" */ = {
			isa = XCConfigurationList;
			buildConfigurations = (
				C17317EB1D24CFE700B0BEA1 /* Debug */,
				C17317EC1D24CFE700B0BEA1 /* Release */,
			);
			defaultConfigurationIsVisible = 0;
			defaultConfigurationName = Release;
		};
		C17317ED1D24CFE700B0BEA1 /* Build configuration list for PBXNativeTarget "Lab05" */ = {
			isa = XCConfigurationList;
			buildConfigurations = (
				C17317EE1D24CFE700B0BEA1 /* Debug */,
				C17317EF1D24CFE700B0BEA1 /* Release */,
			);
			defaultConfigurationIsVisible = 0;
			defaultConfigurationName = Release;
		};
/* End XCConfigurationList section */

/* Begin XCVersionGroup section */
		C17317E21D24CFE700B0BEA1 /* Lab05.xcdatamodeld */ = {
			isa = XCVersionGroup;
			children = (
				C17317E31D24CFE700B0BEA1 /* Lab05.xcdatamodel */,
			);
			currentVersion = C17317E31D24CFE700B0BEA1 /* Lab05.xcdatamodel */;
			path = Lab05.xcdatamodeld;
			sourceTree = "<group>";
			versionGroupType = wrapper.xcdatamodel;
		};
/* End XCVersionGroup section */
	};
	rootObject = C17317CB1D24CFE700B0BEA1 /* Project object */;
}
